// !$*UTF8*$!
{
	archiveVersion = 1;
	classes = {
	};
	objectVersion = 56;
	objects = {

/* Begin PBXBuildFile section */
		A001 /* ChromaSoundApp.swift in Sources */ = {isa = PBXBuildFile; fileRef = F001 /* ChromaSoundApp.swift */; };
		A002 /* ContentView.swift in Sources */ = {isa = PBXBuildFile; fileRef = F002 /* ContentView.swift */; };
		A003 /* MainView.swift in Sources */ = {isa = PBXBuildFile; fileRef = F003 /* MainView.swift */; };
		A004 /* SettingsView.swift in Sources */ = {isa = PBXBuildFile; fileRef = F004 /* SettingsView.swift */; };
		A005 /* BandColorView.swift in Sources */ = {isa = PBXBuildFile; fileRef = F005 /* BandColorView.swift */; };
		A006 /* ViewModel.swift in Sources */ = {isa = PBXBuildFile; fileRef = F006 /* ViewModel.swift */; };
		A007 /* ShapeDrawing.swift in Sources */ = {isa = PBXBuildFile; fileRef = F007 /* ShapeDrawing.swift */; };
		A008 /* Models.swift in Sources */ = {isa = PBXBuildFile; fileRef = F008 /* Models.swift */; };
		A009 /* ColorMapper.swift in Sources */ = {isa = PBXBuildFile; fileRef = F009 /* ColorMapper.swift */; };
		A010 /* AudioEngine.swift in Sources */ = {isa = PBXBuildFile; fileRef = F010 /* AudioEngine.swift */; };
		A011 /* HelpView.swift in Sources */    = {isa = PBXBuildFile; fileRef = F011 /* HelpView.swift */; };
/* End PBXBuildFile section */

/* Begin PBXFileReference section */
		F001 /* ChromaSoundApp.swift */   = {isa = PBXFileReference; lastKnownFileType = sourcecode.swift; path = ChromaSoundApp.swift;   sourceTree = "<group>"; };
		F002 /* ContentView.swift */      = {isa = PBXFileReference; lastKnownFileType = sourcecode.swift; path = ContentView.swift;       sourceTree = "<group>"; };
		F003 /* MainView.swift */         = {isa = PBXFileReference; lastKnownFileType = sourcecode.swift; path = MainView.swift;           sourceTree = "<group>"; };
		F004 /* SettingsView.swift */     = {isa = PBXFileReference; lastKnownFileType = sourcecode.swift; path = SettingsView.swift;       sourceTree = "<group>"; };
		F005 /* BandColorView.swift */    = {isa = PBXFileReference; lastKnownFileType = sourcecode.swift; path = BandColorView.swift;      sourceTree = "<group>"; };
		F006 /* ViewModel.swift */        = {isa = PBXFileReference; lastKnownFileType = sourcecode.swift; path = ViewModel.swift;          sourceTree = "<group>"; };
		F007 /* ShapeDrawing.swift */     = {isa = PBXFileReference; lastKnownFileType = sourcecode.swift; path = ShapeDrawing.swift;       sourceTree = "<group>"; };
		F008 /* Models.swift */           = {isa = PBXFileReference; lastKnownFileType = sourcecode.swift; path = Models.swift;             sourceTree = "<group>"; };
		F009 /* ColorMapper.swift */      = {isa = PBXFileReference; lastKnownFileType = sourcecode.swift; path = ColorMapper.swift;        sourceTree = "<group>"; };
		F010 /* AudioEngine.swift */      = {isa = PBXFileReference; lastKnownFileType = sourcecode.swift; path = AudioEngine.swift;        sourceTree = "<group>"; };
		F011 /* HelpView.swift */         = {isa = PBXFileReference; lastKnownFileType = sourcecode.swift; path = HelpView.swift;           sourceTree = "<group>"; };
		F012 /* Info.plist */             = {isa = PBXFileReference; lastKnownFileType = text.plist.xml;   path = Info.plist;               sourceTree = "<group>"; };
		PROD /* ChromaSound.app */        = {isa = PBXFileReference; explicitFileType = wrapper.application; includeInIndex = 0; path = ChromaSound.app; sourceTree = BUILT_PRODUCTS_DIR; };
/* End PBXFileReference section */

/* Begin PBXFrameworksBuildPhase section */
		FWBP /* Frameworks */ = {
			isa = PBXFrameworksBuildPhase;
			buildActionMask = 2147483647;
			files = ();
			runOnlyForDeploymentPostprocessing = 0;
		};
/* End PBXFrameworksBuildPhase section */

/* Begin PBXGroup section */
		MAIN /* ChromaSound */ = {
			isa = PBXGroup;
			children = (
				GRP1 /* App */,
				GRP2 /* UI */,
				GRP3 /* Model */,
				GRP4 /* FFT */,
				GRP5 /* Audio */,
				GRP6 /* Resources */,
				PGRP /* Products */,
			);
			sourceTree = "<group>";
		};
		PGRP /* Products */ = {
			isa = PBXGroup;
			children = (PROD);
			name = Products;
			sourceTree = "<group>";
		};
		GRP1 /* App */ = {
			isa = PBXGroup;
			children = (F001, F002);
			name = App;
			path = ChromaSound;
			sourceTree = "<group>";
		};
		GRP2 /* UI */ = {
			isa = PBXGroup;
			children = (F003, F004, F005, F006, F007, F011);
			name = UI;
			path = ChromaSound/UI;
			sourceTree = "<group>";
		};
		GRP3 /* Model */ = {
			isa = PBXGroup;
			children = (F008);
			name = Model;
			path = ChromaSound/Model;
			sourceTree = "<group>";
		};
		GRP4 /* FFT */ = {
			isa = PBXGroup;
			children = (F009);
			name = FFT;
			path = ChromaSound/FFT;
			sourceTree = "<group>";
		};
		GRP5 /* Audio */ = {
			isa = PBXGroup;
			children = (F010);
			name = Audio;
			path = ChromaSound/Audio;
			sourceTree = "<group>";
		};
		GRP6 /* Resources */ = {
			isa = PBXGroup;
			children = (F012);
			name = Resources;
			path = ChromaSound/Resources;
			sourceTree = "<group>";
		};
/* End PBXGroup section */

/* Begin PBXNativeTarget section */
		TARG /* ChromaSound */ = {
			isa = PBXNativeTarget;
			buildConfigurationList = BCLT;
			buildPhases = (SRCB, FWBP, RESB);
			buildRules = ();
			dependencies = ();
			name = ChromaSound;
			productName = ChromaSound;
			productReference = PROD;
			productType = "com.apple.product-type.application";
		};
/* End PBXNativeTarget section */

/* Begin PBXProject section */
		PROJ /* Project object */ = {
			isa = PBXProject;
			attributes = {
				BuildIndependentTargetsInParallel = 1;
				LastSwiftUpdateCheck = 1500;
				TargetAttributes = { TARG = { CreatedOnToolsVersion = 15.0; }; };
			};
			buildConfigurationList = PBCL;
			compatibilityVersion = "Xcode 14.0";
			developmentRegion = en;
			hasScannedForEncodings = 0;
			knownRegions = (en, Base);
			mainGroup = MAIN;
			productRefGroup = PGRP;
			projectDirPath = "";
			projectRoot = "";
			targets = (TARG);
		};
/* End PBXProject section */

/* Begin PBXResourcesBuildPhase section */
		RESB /* Resources */ = {
			isa = PBXResourcesBuildPhase;
			buildActionMask = 2147483647;
			files = ();
			runOnlyForDeploymentPostprocessing = 0;
		};
/* End PBXResourcesBuildPhase section */

/* Begin PBXSourcesBuildPhase section */
		SRCB /* Sources */ = {
			isa = PBXSourcesBuildPhase;
			buildActionMask = 2147483647;
			files = (A001,A002,A003,A004,A005,A006,A007,A008,A009,A010,A011);
			runOnlyForDeploymentPostprocessing = 0;
		};
/* End PBXSourcesBuildPhase section */

/* Begin XCBuildConfiguration section */
		DBG /* Debug */ = {
			isa = XCBuildConfiguration;
			buildSettings = {
				ALWAYS_SEARCH_USER_PATHS = NO;
				ASSETCATALOG_COMPILER_GENERATE_SWIFT_ASSET_SYMBOL_EXTENSIONS = YES;
				CLANG_ANALYZER_NONNULL = YES;
				CLANG_CXX_LANGUAGE_STANDARD = "gnu++20";
				CLANG_ENABLE_MODULES = YES;
				CLANG_ENABLE_OBJC_ARC = YES;
				CLANG_ENABLE_OBJC_WEAK = YES;
				CLANG_WARN_BLOCK_CAPTURE_AUTORELEASING = YES;
				CLANG_WARN_BOOL_CONVERSION = YES;
				CLANG_WARN_COMMA = YES;
				CLANG_WARN_CONSTANT_CONVERSION = YES;
				CLANG_WARN_DEPRECATED_OBJC_IMPLEMENTATIONS = YES;
				CLANG_WARN_DIRECT_OBJC_ISA_USAGE = YES_ERROR;
				CLANG_WARN_DOCUMENTATION_COMMENTS = YES;
				CLANG_WARN_EMPTY_BODY = YES;
				CLANG_WARN_ENUM_CONVERSION = YES;
				CLANG_WARN_INFINITE_RECURSION = YES;
				CLANG_WARN_INT_CONVERSION = YES;
				CLANG_WARN_NON_LITERAL_NULL_CONVERSION = YES;
				CLANG_WARN_OBJC_IMPLICIT_RETAIN_CYCLES = YES;
				CLANG_WARN_OBJC_LITERAL_CONVERSION = YES;
				CLANG_WARN_OBJC_ROOT_CLASS = YES_ERROR;
				CLANG_WARN_QUOTED_INCLUDE_IN_FRAMEWORK_HEADER = YES;
				CLANG_WARN_RANGE_LOOP_ANALYSIS = YES;
				CLANG_WARN_STRICT_PROTOTYPES = YES;
				CLANG_WARN_SUSPICIOUS_MOVE = YES;
				CLANG_WARN_UNGUARDED_AVAILABILITY = YES_AGGRESSIVE;
				CLANG_WARN_UNREACHABLE_CODE = YES;
				CLANG_WARN__DUPLICATE_METHOD_MATCH = YES;
				COPY_PHASE_STRIP = NO;
				DEBUG_INFORMATION_FORMAT = dwarf;
				ENABLE_STRICT_OBJC_MSGSEND = YES;
				ENABLE_TESTABILITY = YES;
				ENABLE_USER_SCRIPT_SANDBOXING = YES;
				GCC_C_LANGUAGE_STANDARD = gnu17;
				GCC_DYNAMIC_NO_PIC = NO;
				GCC_NO_COMMON_BLOCKS = YES;
				GCC_OPTIMIZATION_LEVEL = 0;
				GCC_PREPROCESSOR_DEFINITIONS = ("DEBUG=1", "$(inherited)");
				GCC_WARN_64_TO_32_BIT_CONVERSION = YES;
				GCC_WARN_ABOUT_RETURN_TYPE = YES_ERROR;
				GCC_WARN_UNDECLARED_SELECTOR = YES;
				GCC_WARN_UNINITIALIZED_AUTOS = YES_AGGRESSIVE;
				GCC_WARN_UNUSED_FUNCTION = YES;
				GCC_WARN_UNUSED_VARIABLE = YES;
				IPHONEOS_DEPLOYMENT_TARGET = 17.0;
				MTL_ENABLE_DEBUG_INFO = INCLUDE_SOURCE;
				MTL_FAST_MATH = YES;
				ONLY_ACTIVE_ARCH = YES;
				SDKROOT = iphoneos;
				SWIFT_ACTIVE_COMPILATION_CONDITIONS = DEBUG;
				SWIFT_OPTIMIZATION_LEVEL = "-Onone";
			};
			name = Debug;
		};
		REL /* Release */ = {
			isa = XCBuildConfiguration;
			buildSettings = {
				ALWAYS_SEARCH_USER_PATHS = NO;
				ASSETCATALOG_COMPILER_GENERATE_SWIFT_ASSET_SYMBOL_EXTENSIONS = YES;
				CLANG_ANALYZER_NONNULL = YES;
				CLANG_CXX_LANGUAGE_STANDARD = "gnu++20";
				CLANG_ENABLE_MODULES = YES;
				CLANG_ENABLE_OBJC_ARC = YES;
				CLANG_ENABLE_OBJC_WEAK = YES;
				COPY_PHASE_STRIP = NO;
				DEBUG_INFORMATION_FORMAT = "dwarf-with-dsym";
				ENABLE_NS_ASSERTIONS = NO;
				ENABLE_STRICT_OBJC_MSGSEND = YES;
				ENABLE_USER_SCRIPT_SANDBOXING = YES;
				GCC_C_LANGUAGE_STANDARD = gnu17;
				GCC_NO_COMMON_BLOCKS = YES;
				GCC_WARN_64_TO_32_BIT_CONVERSION = YES;
				GCC_WARN_ABOUT_RETURN_TYPE = YES_ERROR;
				GCC_WARN_UNDECLARED_SELECTOR = YES;
				GCC_WARN_UNINITIALIZED_AUTOS = YES_AGGRESSIVE;
				GCC_WARN_UNUSED_FUNCTION = YES;
				GCC_WARN_UNUSED_VARIABLE = YES;
				IPHONEOS_DEPLOYMENT_TARGET = 17.0;
				MTL_FAST_MATH = YES;
				SDKROOT = iphoneos;
				SWIFT_COMPILATION_MODE = wholemodule;
				SWIFT_OPTIMIZATION_LEVEL = "-O";
				VALIDATE_PRODUCT = YES;
			};
			name = Release;
		};
		TDBG /* Target Debug */ = {
			isa = XCBuildConfiguration;
			buildSettings = {
				ASSETCATALOG_COMPILER_APPICON_NAME = AppIcon;
				ASSETCATALOG_COMPILER_GLOBAL_ACCENT_COLOR_NAME = AccentColor;
				CODE_SIGN_STYLE = Automatic;
				CURRENT_PROJECT_VERSION = 1;
				DEVELOPMENT_ASSET_PATHS = "";
				ENABLE_PREVIEWS = YES;
				GENERATE_INFOPLIST_FILE = NO;
				INFOPLIST_FILE = ChromaSound/Resources/Info.plist;
				IPHONEOS_DEPLOYMENT_TARGET = 17.0;
				LD_RUNPATH_SEARCH_PATHS = ("$(inherited)", "@executable_path/Frameworks");
				MARKETING_VERSION = 1.0;
				PRODUCT_BUNDLE_IDENTIFIER = com.chromasound.app;
				PRODUCT_NAME = "$(TARGET_NAME)";
				SWIFT_EMIT_LOC_STRINGS = YES;
				SWIFT_VERSION = 5.0;
				TARGETED_DEVICE_FAMILY = 1;
			};
			name = Debug;
		};
		TREL /* Target Release */ = {
			isa = XCBuildConfiguration;
			buildSettings = {
				ASSETCATALOG_COMPILER_APPICON_NAME = AppIcon;
				ASSETCATALOG_COMPILER_GLOBAL_ACCENT_COLOR_NAME = AccentColor;
				CODE_SIGN_STYLE = Automatic;
				CURRENT_PROJECT_VERSION = 1;
				DEVELOPMENT_ASSET_PATHS = "";
				ENABLE_PREVIEWS = YES;
				GENERATE_INFOPLIST_FILE = NO;
				INFOPLIST_FILE = ChromaSound/Resources/Info.plist;
				IPHONEOS_DEPLOYMENT_TARGET = 17.0;
				LD_RUNPATH_SEARCH_PATHS = ("$(inherited)", "@executable_path/Frameworks");
				MARKETING_VERSION = 1.0;
				PRODUCT_BUNDLE_IDENTIFIER = com.chromasound.app;
				PRODUCT_NAME = "$(TARGET_NAME)";
				SWIFT_EMIT_LOC_STRINGS = YES;
				SWIFT_VERSION = 5.0;
				TARGETED_DEVICE_FAMILY = 1;
			};
			name = Release;
		};
/* End XCBuildConfiguration section */

/* Begin XCConfigurationList section */
		PBCL /* Build configuration list for PBXProject */ = {
			isa = XCConfigurationList;
			buildConfigurations = (DBG, REL);
			defaultConfigurationIsVisible = 0;
			defaultConfigurationName = Release;
		};
		BCLT /* Build configuration list for PBXNativeTarget */ = {
			isa = XCConfigurationList;
			buildConfigurations = (TDBG, TREL);
			defaultConfigurationIsVisible = 0;
			defaultConfigurationName = Release;
		};
/* End XCConfigurationList section */

	};
	rootObject = PROJ /* Project object */;
}
